
Microsoft Visual Studio Solution File, Format Version 12.00
# Visual Studio 2013
VisualStudioVersion = 12.0.30501.0
MinimumVisualStudioVersion = 10.0.40219.1
Project("{FAE04EC0-301F-11D3-BF4B-00C04F79EFBC}") = "BingMapExample", "BingMapExample\BingMapExample.csproj", "{8F139AA9-9C30-4320-92F9-A6777B29F205}"
EndProject
Project("{2150E333-8FDC-42A3-9474-1A3956D46DE8}") = "Solution Items", "Solution Items", "{AA6C6916-9626-46F8-9D87-024B734E454E}"
	ProjectSection(SolutionItems) = preProject
		.gitattributes = .gitattributes
		.gitignore = .gitignore
		README.md = README.md
	EndProjectSection
EndProject
Project("{FAE04EC0-301F-11D3-BF4B-00C04F79EFBC}") = "BingMapPCL", "BingMapPCL\BingMapPCL.csproj", "{CDB68921-E553-462D-A53C-87D91012685F}"
EndProject
Global
	GlobalSection(SolutionConfigurationPlatforms) = preSolution
		Debug|Any CPU = Debug|Any CPU
		Debug|ARM = Debug|ARM
		Debug|x64 = Debug|x64
		Debug|x86 = Debug|x86
		Release|Any CPU = Release|Any CPU
		Release|ARM = Release|ARM
		Release|x64 = Release|x64
		Release|x86 = Release|x86
	EndGlobalSection
	GlobalSection(ProjectConfigurationPlatforms) = postSolution
		{8F139AA9-9C30-4320-92F9-A6777B29F205}.Debug|Any CPU.ActiveCfg = Debug|x86
		{8F139AA9-9C30-4320-92F9-A6777B29F205}.Debug|Any CPU.Build.0 = Debug|x86
		{8F139AA9-9C30-4320-92F9-A6777B29F205}.Debug|Any CPU.Deploy.0 = Debug|x86
		{8F139AA9-9C30-4320-92F9-A6777B29F205}.Debug|ARM.ActiveCfg = Debug|ARM
		{8F139AA9-9C30-4320-92F9-A6777B29F205}.Debug|ARM.Build.0 = Debug|ARM
		{8F139AA9-9C30-4320-92F9-A6777B29F205}.Debug|ARM.Deploy.0 = Debug|ARM
		{8F139AA9-9C30-4320-92F9-A6777B29F205}.Debug|x64.ActiveCfg = Debug|x64
		{8F139AA9-9C30-4320-92F9-A6777B29F205}.Debug|x64.Build.0 = Debug|x64
		{8F139AA9-9C30-4320-92F9-A6777B29F205}.Debug|x64.Deploy.0 = Debug|x64
		{8F139AA9-9C30-4320-92F9-A6777B29F205}.Debug|x86.ActiveCfg = Debug|x86
		{8F139AA9-9C30-4320-92F9-A6777B29F205}.Debug|x86.Build.0 = Debug|x86
		{8F139AA9-9C30-4320-92F9-A6777B29F205}.Debug|x86.Deploy.0 = Debug|x86
		{8F139AA9-9C30-4320-92F9-A6777B29F205}.Release|Any CPU.ActiveCfg = Release|Any CPU
		{8F139AA9-9C30-4320-92F9-A6777B29F205}.Release|Any CPU.Build.0 = Release|Any CPU
		{8F139AA9-9C30-4320-92F9-A6777B29F205}.Release|Any CPU.Deploy.0 = Release|Any CPU
		{8F139AA9-9C30-4320-92F9-A6777B29F205}.Release|ARM.ActiveCfg = Release|ARM
		{8F139AA9-9C30-4320-92F9-A6777B29F205}.Release|ARM.Build.0 = Release|ARM
		{8F139AA9-9C30-4320-92F9-A6777B29F205}.Release|ARM.Deploy.0 = Release|ARM
		{8F139AA9-9C30-4320-92F9-A6777B29F205}.Release|x64.ActiveCfg = Release|x64
		{8F139AA9-9C30-4320-92F9-A6777B29F205}.Release|x64.Build.0 = Release|x64
		{8F139AA9-9C30-4320-92F9-A6777B29F205}.Release|x64.Deploy.0 = Release|x64
		{8F139AA9-9C30-4320-92F9-A6777B29F205}.Release|x86.ActiveCfg = Release|x86
		{8F139AA9-9C30-4320-92F9-A6777B29F205}.Release|x86.Build.0 = Release|x86
		{8F139AA9-9C30-4320-92F9-A6777B29F205}.Release|x86.Deploy.0 = Release|x86
		{CDB68921-E553-462D-A53C-87D91012685F}.Debug|Any CPU.ActiveCfg = Debug|Any CPU
		{CDB68921-E553-462D-A53C-87D91012685F}.Debug|Any CPU.Build.0 = Debug|Any CPU
		{CDB68921-E553-462D-A53C-87D91012685F}.Debug|ARM.ActiveCfg = Debug|Any CPU
		{CDB68921-E553-462D-A53C-87D91012685F}.Debug|x64.ActiveCfg = Debug|Any CPU
		{CDB68921-E553-462D-A53C-87D91012685F}.Debug|x86.ActiveCfg = Debug|Any CPU
		{CDB68921-E553-462D-A53C-87D91012685F}.Release|Any CPU.ActiveCfg = Release|Any CPU
		{CDB68921-E553-462D-A53C-87D91012685F}.Release|Any CPU.Build.0 = Release|Any CPU
		{CDB68921-E553-462D-A53C-87D91012685F}.Release|ARM.ActiveCfg = Release|Any CPU
		{CDB68921-E553-462D-A53C-87D91012685F}.Release|x64.ActiveCfg = Release|Any CPU
		{CDB68921-E553-462D-A53C-87D91012685F}.Release|x86.ActiveCfg = Release|Any CPU
	EndGlobalSection
	GlobalSection(SolutionProperties) = preSolution
		HideSolutionNode = FALSE
	EndGlobalSection
EndGlobal
